// !$*UTF8*$!
{
	archiveVersion = 1;
	classes = {
	};
	objectVersion = 50;
	objects = {

/* Begin PBXBuildFile section */
		57356669278E3EED0076B6FA /* VehicleDetailRequest.swift in Sources */ = {isa = PBXBuildFile; fileRef = 57356668278E3EED0076B6FA /* VehicleDetailRequest.swift */; };
		5735666B278E45F30076B6FA /* BaseViewController.swift in Sources */ = {isa = PBXBuildFile; fileRef = 5735666A278E45F30076B6FA /* BaseViewController.swift */; };
		5735666F278E47CA0076B6FA /* PropertyTableViewCell.swift in Sources */ = {isa = PBXBuildFile; fileRef = 5735666D278E47CA0076B6FA /* PropertyTableViewCell.swift */; };
		57356670278E47CA0076B6FA /* PropertyTableViewCell.xib in Resources */ = {isa = PBXBuildFile; fileRef = 5735666E278E47CA0076B6FA /* PropertyTableViewCell.xib */; };
		57558FF9278B3F2200268478 /* HomeViewController.swift in Sources */ = {isa = PBXBuildFile; fileRef = 57558FF7278B3F2200268478 /* HomeViewController.swift */; };
		57558FFA278B3F2200268478 /* HomeViewController.xib in Resources */ = {isa = PBXBuildFile; fileRef = 57558FF8278B3F2200268478 /* HomeViewController.xib */; };
		57E1E1A9278CC5C800A0B00E /* VehicleTableViewCell.swift in Sources */ = {isa = PBXBuildFile; fileRef = 57E1E1A7278CC5C800A0B00E /* VehicleTableViewCell.swift */; };
		57E1E1AA278CC5C800A0B00E /* VehicleTableViewCell.xib in Resources */ = {isa = PBXBuildFile; fileRef = 57E1E1A8278CC5C800A0B00E /* VehicleTableViewCell.xib */; };
		57E1E1AD278CD00E00A0B00E /* NetworkService.swift in Sources */ = {isa = PBXBuildFile; fileRef = 57E1E1AC278CD00E00A0B00E /* NetworkService.swift */; };
		57E1E1B2278CD4B200A0B00E /* DataRequest.swift in Sources */ = {isa = PBXBuildFile; fileRef = 57E1E1B1278CD4B200A0B00E /* DataRequest.swift */; };
		57E1E1B5278CD82000A0B00E /* HTTPMethod.swift in Sources */ = {isa = PBXBuildFile; fileRef = 57E1E1B4278CD82000A0B00E /* HTTPMethod.swift */; };
		57E1E1B9278CD85400A0B00E /* ErrorResponse.swift in Sources */ = {isa = PBXBuildFile; fileRef = 57E1E1B8278CD85400A0B00E /* ErrorResponse.swift */; };
		57E1E1C2278CE33A00A0B00E /* VehicleListRequest.swift in Sources */ = {isa = PBXBuildFile; fileRef = 57E1E1C1278CE33A00A0B00E /* VehicleListRequest.swift */; };
		57E1E1C7278CE4EA00A0B00E /* Vehicle.swift in Sources */ = {isa = PBXBuildFile; fileRef = 57E1E1C6278CE4EA00A0B00E /* Vehicle.swift */; };
		57E1E1CA278CE64200A0B00E /* HomeViewModel.swift in Sources */ = {isa = PBXBuildFile; fileRef = 57E1E1C9278CE64200A0B00E /* HomeViewModel.swift */; };
		57E1E1CD278CFA8F00A0B00E /* BaseViewModel.swift in Sources */ = {isa = PBXBuildFile; fileRef = 57E1E1CC278CFA8F00A0B00E /* BaseViewModel.swift */; };
		57E1E1D1278D0D9100A0B00E /* ImageRequest.swift in Sources */ = {isa = PBXBuildFile; fileRef = 57E1E1D0278D0D9100A0B00E /* ImageRequest.swift */; };
		57E1E1D4278D0E6E00A0B00E /* ImageClientService.swift in Sources */ = {isa = PBXBuildFile; fileRef = 57E1E1D3278D0E6E00A0B00E /* ImageClientService.swift */; };
		57E1E1DB278D2ABF00A0B00E /* DetailViewController.swift in Sources */ = {isa = PBXBuildFile; fileRef = 57E1E1D9278D2ABF00A0B00E /* DetailViewController.swift */; };
		57E1E1DC278D2ABF00A0B00E /* DetailViewController.xib in Resources */ = {isa = PBXBuildFile; fileRef = 57E1E1DA278D2ABF00A0B00E /* DetailViewController.xib */; };
		57E1E1E2278D2B0500A0B00E /* DetailViewModel.swift in Sources */ = {isa = PBXBuildFile; fileRef = 57E1E1E1278D2B0500A0B00E /* DetailViewModel.swift */; };
		57E1E1E4278D2B2000A0B00E /* VehicleDetail.swift in Sources */ = {isa = PBXBuildFile; fileRef = 57E1E1E3278D2B2000A0B00E /* VehicleDetail.swift */; };
		57E1E1E9278E1DBA00A0B00E /* VehicleDetailTitleTableViewCell.swift in Sources */ = {isa = PBXBuildFile; fileRef = 57E1E1E7278E1DBA00A0B00E /* VehicleDetailTitleTableViewCell.swift */; };
		57E1E1EA278E1DBA00A0B00E /* VehicleDetailTitleTableViewCell.xib in Resources */ = {isa = PBXBuildFile; fileRef = 57E1E1E8278E1DBA00A0B00E /* VehicleDetailTitleTableViewCell.xib */; };
		57E1E1ED278E37C600A0B00E /* VehiclePhotoCollectionViewCell.swift in Sources */ = {isa = PBXBuildFile; fileRef = 57E1E1EB278E37C600A0B00E /* VehiclePhotoCollectionViewCell.swift */; };
		57E1E1EE278E37C600A0B00E /* VehiclePhotoCollectionViewCell.xib in Resources */ = {isa = PBXBuildFile; fileRef = 57E1E1EC278E37C600A0B00E /* VehiclePhotoCollectionViewCell.xib */; };
		A106EFFE25BF1C1A0074FB10 /* AppDelegate.swift in Sources */ = {isa = PBXBuildFile; fileRef = A106EFFD25BF1C1A0074FB10 /* AppDelegate.swift */; };
		A106F00725BF1C1B0074FB10 /* Assets.xcassets in Resources */ = {isa = PBXBuildFile; fileRef = A106F00625BF1C1B0074FB10 /* Assets.xcassets */; };
		A106F00A25BF1C1B0074FB10 /* LaunchScreen.storyboard in Resources */ = {isa = PBXBuildFile; fileRef = A106F00825BF1C1B0074FB10 /* LaunchScreen.storyboard */; };
/* End PBXBuildFile section */

/* Begin PBXFileReference section */
		57356668278E3EED0076B6FA /* VehicleDetailRequest.swift */ = {isa = PBXFileReference; lastKnownFileType = sourcecode.swift; path = VehicleDetailRequest.swift; sourceTree = "<group>"; };
		5735666A278E45F30076B6FA /* BaseViewController.swift */ = {isa = PBXFileReference; lastKnownFileType = sourcecode.swift; path = BaseViewController.swift; sourceTree = "<group>"; };
		5735666D278E47CA0076B6FA /* PropertyTableViewCell.swift */ = {isa = PBXFileReference; lastKnownFileType = sourcecode.swift; path = PropertyTableViewCell.swift; sourceTree = "<group>"; };
		5735666E278E47CA0076B6FA /* PropertyTableViewCell.xib */ = {isa = PBXFileReference; lastKnownFileType = file.xib; path = PropertyTableViewCell.xib; sourceTree = "<group>"; };
		57558FF7278B3F2200268478 /* HomeViewController.swift */ = {isa = PBXFileReference; lastKnownFileType = sourcecode.swift; path = HomeViewController.swift; sourceTree = "<group>"; };
		57558FF8278B3F2200268478 /* HomeViewController.xib */ = {isa = PBXFileReference; lastKnownFileType = file.xib; path = HomeViewController.xib; sourceTree = "<group>"; };
		57E1E1A7278CC5C800A0B00E /* VehicleTableViewCell.swift */ = {isa = PBXFileReference; lastKnownFileType = sourcecode.swift; path = VehicleTableViewCell.swift; sourceTree = "<group>"; };
		57E1E1A8278CC5C800A0B00E /* VehicleTableViewCell.xib */ = {isa = PBXFileReference; lastKnownFileType = file.xib; path = VehicleTableViewCell.xib; sourceTree = "<group>"; };
		57E1E1AC278CD00E00A0B00E /* NetworkService.swift */ = {isa = PBXFileReference; lastKnownFileType = sourcecode.swift; path = NetworkService.swift; sourceTree = "<group>"; };
		57E1E1B1278CD4B200A0B00E /* DataRequest.swift */ = {isa = PBXFileReference; lastKnownFileType = sourcecode.swift; path = DataRequest.swift; sourceTree = "<group>"; };
		57E1E1B4278CD82000A0B00E /* HTTPMethod.swift */ = {isa = PBXFileReference; lastKnownFileType = sourcecode.swift; path = HTTPMethod.swift; sourceTree = "<group>"; };
		57E1E1B8278CD85400A0B00E /* ErrorResponse.swift */ = {isa = PBXFileReference; lastKnownFileType = sourcecode.swift; path = ErrorResponse.swift; sourceTree = "<group>"; };
		57E1E1C1278CE33A00A0B00E /* VehicleListRequest.swift */ = {isa = PBXFileReference; lastKnownFileType = sourcecode.swift; path = VehicleListRequest.swift; sourceTree = "<group>"; };
		57E1E1C6278CE4EA00A0B00E /* Vehicle.swift */ = {isa = PBXFileReference; lastKnownFileType = sourcecode.swift; path = Vehicle.swift; sourceTree = "<group>"; };
		57E1E1C9278CE64200A0B00E /* HomeViewModel.swift */ = {isa = PBXFileReference; lastKnownFileType = sourcecode.swift; path = HomeViewModel.swift; sourceTree = "<group>"; };
		57E1E1CC278CFA8F00A0B00E /* BaseViewModel.swift */ = {isa = PBXFileReference; lastKnownFileType = sourcecode.swift; path = BaseViewModel.swift; sourceTree = "<group>"; };
		57E1E1D0278D0D9100A0B00E /* ImageRequest.swift */ = {isa = PBXFileReference; lastKnownFileType = sourcecode.swift; path = ImageRequest.swift; sourceTree = "<group>"; };
		57E1E1D3278D0E6E00A0B00E /* ImageClientService.swift */ = {isa = PBXFileReference; lastKnownFileType = sourcecode.swift; path = ImageClientService.swift; sourceTree = "<group>"; };
		57E1E1D9278D2ABF00A0B00E /* DetailViewController.swift */ = {isa = PBXFileReference; lastKnownFileType = sourcecode.swift; path = DetailViewController.swift; sourceTree = "<group>"; };
		57E1E1DA278D2ABF00A0B00E /* DetailViewController.xib */ = {isa = PBXFileReference; lastKnownFileType = file.xib; path = DetailViewController.xib; sourceTree = "<group>"; };
		57E1E1E1278D2B0500A0B00E /* DetailViewModel.swift */ = {isa = PBXFileReference; lastKnownFileType = sourcecode.swift; path = DetailViewModel.swift; sourceTree = "<group>"; };
		57E1E1E3278D2B2000A0B00E /* VehicleDetail.swift */ = {isa = PBXFileReference; lastKnownFileType = sourcecode.swift; path = VehicleDetail.swift; sourceTree = "<group>"; };
		57E1E1E7278E1DBA00A0B00E /* VehicleDetailTitleTableViewCell.swift */ = {isa = PBXFileReference; lastKnownFileType = sourcecode.swift; path = VehicleDetailTitleTableViewCell.swift; sourceTree = "<group>"; };
		57E1E1E8278E1DBA00A0B00E /* VehicleDetailTitleTableViewCell.xib */ = {isa = PBXFileReference; lastKnownFileType = file.xib; path = VehicleDetailTitleTableViewCell.xib; sourceTree = "<group>"; };
		57E1E1EB278E37C600A0B00E /* VehiclePhotoCollectionViewCell.swift */ = {isa = PBXFileReference; lastKnownFileType = sourcecode.swift; path = VehiclePhotoCollectionViewCell.swift; sourceTree = "<group>"; };
		57E1E1EC278E37C600A0B00E /* VehiclePhotoCollectionViewCell.xib */ = {isa = PBXFileReference; lastKnownFileType = file.xib; path = VehiclePhotoCollectionViewCell.xib; sourceTree = "<group>"; };
		A106EFFA25BF1C1A0074FB10 /* ArabamAssignment.app */ = {isa = PBXFileReference; explicitFileType = wrapper.application; includeInIndex = 0; path = ArabamAssignment.app; sourceTree = BUILT_PRODUCTS_DIR; };
		A106EFFD25BF1C1A0074FB10 /* AppDelegate.swift */ = {isa = PBXFileReference; lastKnownFileType = sourcecode.swift; path = AppDelegate.swift; sourceTree = "<group>"; };
		A106F00625BF1C1B0074FB10 /* Assets.xcassets */ = {isa = PBXFileReference; lastKnownFileType = folder.assetcatalog; path = Assets.xcassets; sourceTree = "<group>"; };
		A106F00925BF1C1B0074FB10 /* Base */ = {isa = PBXFileReference; lastKnownFileType = file.storyboard; name = Base; path = Base.lproj/LaunchScreen.storyboard; sourceTree = "<group>"; };
		A106F00B25BF1C1B0074FB10 /* Info.plist */ = {isa = PBXFileReference; lastKnownFileType = text.plist.xml; path = Info.plist; sourceTree = "<group>"; };
/* End PBXFileReference section */

/* Begin PBXFrameworksBuildPhase section */
		A106EFF725BF1C1A0074FB10 /* Frameworks */ = {
			isa = PBXFrameworksBuildPhase;
			buildActionMask = 2147483647;
			files = (
			);
			runOnlyForDeploymentPostprocessing = 0;
		};
/* End PBXFrameworksBuildPhase section */

/* Begin PBXGroup section */
		5735666C278E47AD0076B6FA /* PropertyTableViewCell */ = {
			isa = PBXGroup;
			children = (
				5735666D278E47CA0076B6FA /* PropertyTableViewCell.swift */,
				5735666E278E47CA0076B6FA /* PropertyTableViewCell.xib */,
			);
			path = PropertyTableViewCell;
			sourceTree = "<group>";
		};
		57558FEF278B3EA400268478 /* Supporting Files */ = {
			isa = PBXGroup;
			children = (
				A106F00625BF1C1B0074FB10 /* Assets.xcassets */,
				A106F00B25BF1C1B0074FB10 /* Info.plist */,
			);
			path = "Supporting Files";
			sourceTree = "<group>";
		};
		57558FF0278B3EB600268478 /* App */ = {
			isa = PBXGroup;
			children = (
				57E1E1B0278CD4A200A0B00E /* Core */,
				57558FF2278B3ED100268478 /* View */,
				57558FF1278B3EBD00268478 /* Delegate */,
			);
			path = App;
			sourceTree = "<group>";
		};
		57558FF1278B3EBD00268478 /* Delegate */ = {
			isa = PBXGroup;
			children = (
				A106EFFD25BF1C1A0074FB10 /* AppDelegate.swift */,
			);
			path = Delegate;
			sourceTree = "<group>";
		};
		57558FF2278B3ED100268478 /* View */ = {
			isa = PBXGroup;
			children = (
				A106F00825BF1C1B0074FB10 /* LaunchScreen.storyboard */,
			);
			path = View;
			sourceTree = "<group>";
		};
		57558FF3278B3EE800268478 /* Screens */ = {
			isa = PBXGroup;
			children = (
				57E1E1D8278D2AA300A0B00E /* Detail */,
				57558FF4278B3EF100268478 /* Home */,
			);
			path = Screens;
			sourceTree = "<group>";
		};
		57558FF4278B3EF100268478 /* Home */ = {
			isa = PBXGroup;
			children = (
				57E1E1C8278CE63200A0B00E /* ViewModel */,
				57E1E1C3278CE42300A0B00E /* Model */,
				57558FF6278B3F0700268478 /* View */,
				57558FF5278B3F0100268478 /* Controller */,
			);
			path = Home;
			sourceTree = "<group>";
		};
		57558FF5278B3F0100268478 /* Controller */ = {
			isa = PBXGroup;
			children = (
				57558FF7278B3F2200268478 /* HomeViewController.swift */,
			);
			path = Controller;
			sourceTree = "<group>";
		};
		57558FF6278B3F0700268478 /* View */ = {
			isa = PBXGroup;
			children = (
				57E1E1A5278CC55700A0B00E /* Cells */,
				57558FF8278B3F2200268478 /* HomeViewController.xib */,
			);
			path = View;
			sourceTree = "<group>";
		};
		57E1E1A5278CC55700A0B00E /* Cells */ = {
			isa = PBXGroup;
			children = (
				57E1E1A6278CC56100A0B00E /* VehicleTableViewCell */,
			);
			path = Cells;
			sourceTree = "<group>";
		};
		57E1E1A6278CC56100A0B00E /* VehicleTableViewCell */ = {
			isa = PBXGroup;
			children = (
				57E1E1A7278CC5C800A0B00E /* VehicleTableViewCell.swift */,
				57E1E1A8278CC5C800A0B00E /* VehicleTableViewCell.xib */,
			);
			path = VehicleTableViewCell;
			sourceTree = "<group>";
		};
		57E1E1B0278CD4A200A0B00E /* Core */ = {
			isa = PBXGroup;
			children = (
				57E1E1CB278CFA8300A0B00E /* Base */,
				57E1E1B3278CD51700A0B00E /* Network */,
			);
			path = Core;
			sourceTree = "<group>";
		};
		57E1E1B3278CD51700A0B00E /* Network */ = {
			isa = PBXGroup;
			children = (
				57E1E1D5278D18BE00A0B00E /* Services */,
				57E1E1CF278D0D5D00A0B00E /* Requests */,
				57E1E1B1278CD4B200A0B00E /* DataRequest.swift */,
				57E1E1B4278CD82000A0B00E /* HTTPMethod.swift */,
				57E1E1B8278CD85400A0B00E /* ErrorResponse.swift */,
			);
			path = Network;
			sourceTree = "<group>";
		};
		57E1E1C3278CE42300A0B00E /* Model */ = {
			isa = PBXGroup;
			children = (
				57E1E1C6278CE4EA00A0B00E /* Vehicle.swift */,
			);
			path = Model;
			sourceTree = "<group>";
		};
		57E1E1C8278CE63200A0B00E /* ViewModel */ = {
			isa = PBXGroup;
			children = (
				57E1E1C9278CE64200A0B00E /* HomeViewModel.swift */,
			);
			path = ViewModel;
			sourceTree = "<group>";
		};
		57E1E1CB278CFA8300A0B00E /* Base */ = {
			isa = PBXGroup;
			children = (
				57E1E1CC278CFA8F00A0B00E /* BaseViewModel.swift */,
				5735666A278E45F30076B6FA /* BaseViewController.swift */,
			);
			path = Base;
			sourceTree = "<group>";
		};
		57E1E1CF278D0D5D00A0B00E /* Requests */ = {
			isa = PBXGroup;
			children = (
				57E1E1C1278CE33A00A0B00E /* VehicleListRequest.swift */,
				57E1E1D0278D0D9100A0B00E /* ImageRequest.swift */,
				57356668278E3EED0076B6FA /* VehicleDetailRequest.swift */,
			);
			path = Requests;
			sourceTree = "<group>";
		};
		57E1E1D5278D18BE00A0B00E /* Services */ = {
			isa = PBXGroup;
			children = (
				57E1E1D3278D0E6E00A0B00E /* ImageClientService.swift */,
				57E1E1AC278CD00E00A0B00E /* NetworkService.swift */,
			);
			path = Services;
			sourceTree = "<group>";
		};
		57E1E1D8278D2AA300A0B00E /* Detail */ = {
			isa = PBXGroup;
			children = (
				57E1E1DF278D2AE800A0B00E /* ViewModel */,
				57E1E1E0278D2AEF00A0B00E /* Model */,
				57E1E1DD278D2ACA00A0B00E /* View */,
				57E1E1DE278D2AD500A0B00E /* Controller */,
			);
			path = Detail;
			sourceTree = "<group>";
		};
		57E1E1DD278D2ACA00A0B00E /* View */ = {
			isa = PBXGroup;
			children = (
				57E1E1E5278E1D6000A0B00E /* Cells */,
				57E1E1DA278D2ABF00A0B00E /* DetailViewController.xib */,
			);
			path = View;
			sourceTree = "<group>";
		};
		57E1E1DE278D2AD500A0B00E /* Controller */ = {
			isa = PBXGroup;
			children = (
				57E1E1D9278D2ABF00A0B00E /* DetailViewController.swift */,
			);
			path = Controller;
			sourceTree = "<group>";
		};
		57E1E1DF278D2AE800A0B00E /* ViewModel */ = {
			isa = PBXGroup;
			children = (
				57E1E1E1278D2B0500A0B00E /* DetailViewModel.swift */,
			);
			path = ViewModel;
			sourceTree = "<group>";
		};
		57E1E1E0278D2AEF00A0B00E /* Model */ = {
			isa = PBXGroup;
			children = (
				57E1E1E3278D2B2000A0B00E /* VehicleDetail.swift */,
			);
			path = Model;
			sourceTree = "<group>";
		};
		57E1E1E5278E1D6000A0B00E /* Cells */ = {
			isa = PBXGroup;
			children = (
				5735666C278E47AD0076B6FA /* PropertyTableViewCell */,
				57E1E1E6278E1D6800A0B00E /* VehicleDetailTitleTableViewCell */,
				57E1E1EF278E37CE00A0B00E /* VehiclePhotoCollectionViewCell */,
			);
			path = Cells;
			sourceTree = "<group>";
		};
		57E1E1E6278E1D6800A0B00E /* VehicleDetailTitleTableViewCell */ = {
			isa = PBXGroup;
			children = (
				57E1E1E7278E1DBA00A0B00E /* VehicleDetailTitleTableViewCell.swift */,
				57E1E1E8278E1DBA00A0B00E /* VehicleDetailTitleTableViewCell.xib */,
			);
			path = VehicleDetailTitleTableViewCell;
			sourceTree = "<group>";
		};
		57E1E1EF278E37CE00A0B00E /* VehiclePhotoCollectionViewCell */ = {
			isa = PBXGroup;
			children = (
				57E1E1EB278E37C600A0B00E /* VehiclePhotoCollectionViewCell.swift */,
				57E1E1EC278E37C600A0B00E /* VehiclePhotoCollectionViewCell.xib */,
			);
			path = VehiclePhotoCollectionViewCell;
			sourceTree = "<group>";
		};
		A106EFF125BF1C1A0074FB10 = {
			isa = PBXGroup;
			children = (
				A106EFFC25BF1C1A0074FB10 /* ArabamAssignment */,
				A106EFFB25BF1C1A0074FB10 /* Products */,
			);
			sourceTree = "<group>";
		};
		A106EFFB25BF1C1A0074FB10 /* Products */ = {
			isa = PBXGroup;
			children = (
				A106EFFA25BF1C1A0074FB10 /* ArabamAssignment.app */,
			);
			name = Products;
			sourceTree = "<group>";
		};
		A106EFFC25BF1C1A0074FB10 /* ArabamAssignment */ = {
			isa = PBXGroup;
			children = (
				57558FF0278B3EB600268478 /* App */,
				57558FF3278B3EE800268478 /* Screens */,
				57558FEF278B3EA400268478 /* Supporting Files */,
			);
			path = ArabamAssignment;
			sourceTree = "<group>";
		};
/* End PBXGroup section */

/* Begin PBXNativeTarget section */
		A106EFF925BF1C1A0074FB10 /* ArabamAssignment */ = {
			isa = PBXNativeTarget;
			buildConfigurationList = A106F00E25BF1C1B0074FB10 /* Build configuration list for PBXNativeTarget "ArabamAssignment" */;
			buildPhases = (
				A106EFF625BF1C1A0074FB10 /* Sources */,
				A106EFF725BF1C1A0074FB10 /* Frameworks */,
				A106EFF825BF1C1A0074FB10 /* Resources */,
			);
			buildRules = (
			);
			dependencies = (
			);
			name = ArabamAssignment;
			productName = ArabamAssignment;
			productReference = A106EFFA25BF1C1A0074FB10 /* ArabamAssignment.app */;
			productType = "com.apple.product-type.application";
		};
/* End PBXNativeTarget section */

/* Begin PBXProject section */
		A106EFF225BF1C1A0074FB10 /* Project object */ = {
			isa = PBXProject;
			attributes = {
				LastSwiftUpdateCheck = 1230;
				LastUpgradeCheck = 1230;
				TargetAttributes = {
					A106EFF925BF1C1A0074FB10 = {
						CreatedOnToolsVersion = 12.3;
					};
				};
			};
			buildConfigurationList = A106EFF525BF1C1A0074FB10 /* Build configuration list for PBXProject "ArabamAssignment" */;
			compatibilityVersion = "Xcode 9.3";
			developmentRegion = en;
			hasScannedForEncodings = 0;
			knownRegions = (
				en,
				Base,
			);
			mainGroup = A106EFF125BF1C1A0074FB10;
			productRefGroup = A106EFFB25BF1C1A0074FB10 /* Products */;
			projectDirPath = "";
			projectRoot = "";
			targets = (
				A106EFF925BF1C1A0074FB10 /* ArabamAssignment */,
			);
		};
/* End PBXProject section */

/* Begin PBXResourcesBuildPhase section */
		A106EFF825BF1C1A0074FB10 /* Resources */ = {
			isa = PBXResourcesBuildPhase;
			buildActionMask = 2147483647;
			files = (
				57E1E1EA278E1DBA00A0B00E /* VehicleDetailTitleTableViewCell.xib in Resources */,
				57E1E1AA278CC5C800A0B00E /* VehicleTableViewCell.xib in Resources */,
				57356670278E47CA0076B6FA /* PropertyTableViewCell.xib in Resources */,
				A106F00A25BF1C1B0074FB10 /* LaunchScreen.storyboard in Resources */,
				57E1E1DC278D2ABF00A0B00E /* DetailViewController.xib in Resources */,
				A106F00725BF1C1B0074FB10 /* Assets.xcassets in Resources */,
				57E1E1EE278E37C600A0B00E /* VehiclePhotoCollectionViewCell.xib in Resources */,
				57558FFA278B3F2200268478 /* HomeViewController.xib in Resources */,
			);
			runOnlyForDeploymentPostprocessing = 0;
		};
/* End PBXResourcesBuildPhase section */

/* Begin PBXSourcesBuildPhase section */
		A106EFF625BF1C1A0074FB10 /* Sources */ = {
			isa = PBXSourcesBuildPhase;
			buildActionMask = 2147483647;
			files = (
				57E1E1ED278E37C600A0B00E /* VehiclePhotoCollectionViewCell.swift in Sources */,
				57E1E1C2278CE33A00A0B00E /* VehicleListRequest.swift in Sources */,
				57356669278E3EED0076B6FA /* VehicleDetailRequest.swift in Sources */,
				57E1E1E4278D2B2000A0B00E /* VehicleDetail.swift in Sources */,
				57E1E1D1278D0D9100A0B00E /* ImageRequest.swift in Sources */,
				5735666B278E45F30076B6FA /* BaseViewController.swift in Sources */,
				57E1E1CD278CFA8F00A0B00E /* BaseViewModel.swift in Sources */,
				57E1E1A9278CC5C800A0B00E /* VehicleTableViewCell.swift in Sources */,
				A106EFFE25BF1C1A0074FB10 /* AppDelegate.swift in Sources */,
				57E1E1E9278E1DBA00A0B00E /* VehicleDetailTitleTableViewCell.swift in Sources */,
				57E1E1D4278D0E6E00A0B00E /* ImageClientService.swift in Sources */,
				57E1E1CA278CE64200A0B00E /* HomeViewModel.swift in Sources */,
				57E1E1B5278CD82000A0B00E /* HTTPMethod.swift in Sources */,
				57558FF9278B3F2200268478 /* HomeViewController.swift in Sources */,
				5735666F278E47CA0076B6FA /* PropertyTableViewCell.swift in Sources */,
				57E1E1B2278CD4B200A0B00E /* DataRequest.swift in Sources */,
				57E1E1AD278CD00E00A0B00E /* NetworkService.swift in Sources */,
				57E1E1C7278CE4EA00A0B00E /* Vehicle.swift in Sources */,
				57E1E1B9278CD85400A0B00E /* ErrorResponse.swift in Sources */,
				57E1E1E2278D2B0500A0B00E /* DetailViewModel.swift in Sources */,
				57E1E1DB278D2ABF00A0B00E /* DetailViewController.swift in Sources */,
			);
			runOnlyForDeploymentPostprocessing = 0;
		};
/* End PBXSourcesBuildPhase section */

/* Begin PBXVariantGroup section */
		A106F00825BF1C1B0074FB10 /* LaunchScreen.storyboard */ = {
			isa = PBXVariantGroup;
			children = (
				A106F00925BF1C1B0074FB10 /* Base */,
			);
			name = LaunchScreen.storyboard;
			sourceTree = "<group>";
		};
/* End PBXVariantGroup section */

/* Begin XCBuildConfiguration section */
		A106F00C25BF1C1B0074FB10 /* Debug */ = {
			isa = XCBuildConfiguration;
			buildSettings = {
				ALWAYS_SEARCH_USER_PATHS = NO;
				CLANG_ANALYZER_NONNULL = YES;
				CLANG_ANALYZER_NUMBER_OBJECT_CONVERSION = YES_AGGRESSIVE;
				CLANG_CXX_LANGUAGE_STANDARD = "gnu++14";
				CLANG_CXX_LIBRARY = "libc++";
				CLANG_ENABLE_MODULES = YES;
				CLANG_ENABLE_OBJC_ARC = YES;
				CLANG_ENABLE_OBJC_WEAK = YES;
				CLANG_WARN_BLOCK_CAPTURE_AUTORELEASING = YES;
				CLANG_WARN_BOOL_CONVERSION = YES;
				CLANG_WARN_COMMA = YES;
				CLANG_WARN_CONSTANT_CONVERSION = YES;
				CLANG_WARN_DEPRECATED_OBJC_IMPLEMENTATIONS = YES;
				CLANG_WARN_DIRECT_OBJC_ISA_USAGE = YES_ERROR;
				CLANG_WARN_DOCUMENTATION_COMMENTS = YES;
				CLANG_WARN_EMPTY_BODY = YES;
				CLANG_WARN_ENUM_CONVERSION = YES;
				CLANG_WARN_INFINITE_RECURSION = YES;
				CLANG_WARN_INT_CONVERSION = YES;
				CLANG_WARN_NON_LITERAL_NULL_CONVERSION = YES;
				CLANG_WARN_OBJC_IMPLICIT_RETAIN_SELF = YES;
				CLANG_WARN_OBJC_LITERAL_CONVERSION = YES;
				CLANG_WARN_OBJC_ROOT_CLASS = YES_ERROR;
				CLANG_WARN_QUOTED_INCLUDE_IN_FRAMEWORK_HEADER = YES;
				CLANG_WARN_RANGE_LOOP_ANALYSIS = YES;
				CLANG_WARN_STRICT_PROTOTYPES = YES;
				CLANG_WARN_SUSPICIOUS_MOVE = YES;
				CLANG_WARN_UNGUARDED_AVAILABILITY = YES_AGGRESSIVE;
				CLANG_WARN_UNREACHABLE_CODE = YES;
				CLANG_WARN__DUPLICATE_METHOD_MATCH = YES;
				COPY_PHASE_STRIP = NO;
				DEBUG_INFORMATION_FORMAT = dwarf;
				ENABLE_STRICT_OBJC_MSGSEND = YES;
				ENABLE_TESTABILITY = YES;
				GCC_C_LANGUAGE_STANDARD = gnu11;
				GCC_DYNAMIC_NO_PIC = NO;
				GCC_NO_COMMON_BLOCKS = YES;
				GCC_OPTIMIZATION_LEVEL = 0;
				GCC_PREPROCESSOR_DEFINITIONS = (
					"DEBUG=1",
					"$(inherited)",
				);
				GCC_WARN_64_TO_32_BIT_CONVERSION = YES;
				GCC_WARN_ABOUT_RETURN_TYPE = YES_ERROR;
				GCC_WARN_UNDECLARED_SELECTOR = YES;
				GCC_WARN_UNINITIALIZED_AUTOS = YES_AGGRESSIVE;
				GCC_WARN_UNUSED_FUNCTION = YES;
				GCC_WARN_UNUSED_VARIABLE = YES;
				IPHONEOS_DEPLOYMENT_TARGET = 14.3;
				MTL_ENABLE_DEBUG_INFO = INCLUDE_SOURCE;
				MTL_FAST_MATH = YES;
				ONLY_ACTIVE_ARCH = YES;
				SDKROOT = iphoneos;
				SWIFT_ACTIVE_COMPILATION_CONDITIONS = DEBUG;
				SWIFT_OPTIMIZATION_LEVEL = "-Onone";
			};
			name = Debug;
		};
		A106F00D25BF1C1B0074FB10 /* Release */ = {
			isa = XCBuildConfiguration;
			buildSettings = {
				ALWAYS_SEARCH_USER_PATHS = NO;
				CLANG_ANALYZER_NONNULL = YES;
				CLANG_ANALYZER_NUMBER_OBJECT_CONVERSION = YES_AGGRESSIVE;
				CLANG_CXX_LANGUAGE_STANDARD = "gnu++14";
				CLANG_CXX_LIBRARY = "libc++";
				CLANG_ENABLE_MODULES = YES;
				CLANG_ENABLE_OBJC_ARC = YES;
				CLANG_ENABLE_OBJC_WEAK = YES;
				CLANG_WARN_BLOCK_CAPTURE_AUTORELEASING = YES;
				CLANG_WARN_BOOL_CONVERSION = YES;
				CLANG_WARN_COMMA = YES;
				CLANG_WARN_CONSTANT_CONVERSION = YES;
				CLANG_WARN_DEPRECATED_OBJC_IMPLEMENTATIONS = YES;
				CLANG_WARN_DIRECT_OBJC_ISA_USAGE = YES_ERROR;
				CLANG_WARN_DOCUMENTATION_COMMENTS = YES;
				CLANG_WARN_EMPTY_BODY = YES;
				CLANG_WARN_ENUM_CONVERSION = YES;
				CLANG_WARN_INFINITE_RECURSION = YES;
				CLANG_WARN_INT_CONVERSION = YES;
				CLANG_WARN_NON_LITERAL_NULL_CONVERSION = YES;
				CLANG_WARN_OBJC_IMPLICIT_RETAIN_SELF = YES;
				CLANG_WARN_OBJC_LITERAL_CONVERSION = YES;
				CLANG_WARN_OBJC_ROOT_CLASS = YES_ERROR;
				CLANG_WARN_QUOTED_INCLUDE_IN_FRAMEWORK_HEADER = YES;
				CLANG_WARN_RANGE_LOOP_ANALYSIS = YES;
				CLANG_WARN_STRICT_PROTOTYPES = YES;
				CLANG_WARN_SUSPICIOUS_MOVE = YES;
				CLANG_WARN_UNGUARDED_AVAILABILITY = YES_AGGRESSIVE;
				CLANG_WARN_UNREACHABLE_CODE = YES;
				CLANG_WARN__DUPLICATE_METHOD_MATCH = YES;
				COPY_PHASE_STRIP = NO;
				DEBUG_INFORMATION_FORMAT = "dwarf-with-dsym";
				ENABLE_NS_ASSERTIONS = NO;
				ENABLE_STRICT_OBJC_MSGSEND = YES;
				GCC_C_LANGUAGE_STANDARD = gnu11;
				GCC_NO_COMMON_BLOCKS = YES;
				GCC_WARN_64_TO_32_BIT_CONVERSION = YES;
				GCC_WARN_ABOUT_RETURN_TYPE = YES_ERROR;
				GCC_WARN_UNDECLARED_SELECTOR = YES;
				GCC_WARN_UNINITIALIZED_AUTOS = YES_AGGRESSIVE;
				GCC_WARN_UNUSED_FUNCTION = YES;
				GCC_WARN_UNUSED_VARIABLE = YES;
				IPHONEOS_DEPLOYMENT_TARGET = 14.3;
				MTL_ENABLE_DEBUG_INFO = NO;
				MTL_FAST_MATH = YES;
				SDKROOT = iphoneos;
				SWIFT_COMPILATION_MODE = wholemodule;
				SWIFT_OPTIMIZATION_LEVEL = "-O";
				VALIDATE_PRODUCT = YES;
			};
			name = Release;
		};
		A106F00F25BF1C1B0074FB10 /* Debug */ = {
			isa = XCBuildConfiguration;
			buildSettings = {
				ASSETCATALOG_COMPILER_APPICON_NAME = AppIcon;
				ASSETCATALOG_COMPILER_GLOBAL_ACCENT_COLOR_NAME = AccentColor;
				CODE_SIGN_STYLE = Automatic;
				INFOPLIST_FILE = "ArabamAssignment/Supporting Files/Info.plist";
				IPHONEOS_DEPLOYMENT_TARGET = 11.0;
				LD_RUNPATH_SEARCH_PATHS = (
					"$(inherited)",
					"@executable_path/Frameworks",
				);
				PRODUCT_BUNDLE_IDENTIFIER = com.arabam.assignment.ArabamAssignment;
				PRODUCT_NAME = "$(TARGET_NAME)";
				SWIFT_VERSION = 5.0;
				TARGETED_DEVICE_FAMILY = 1;
			};
			name = Debug;
		};
		A106F01025BF1C1B0074FB10 /* Release */ = {
			isa = XCBuildConfiguration;
			buildSettings = {
				ASSETCATALOG_COMPILER_APPICON_NAME = AppIcon;
				ASSETCATALOG_COMPILER_GLOBAL_ACCENT_COLOR_NAME = AccentColor;
				CODE_SIGN_STYLE = Automatic;
				INFOPLIST_FILE = "ArabamAssignment/Supporting Files/Info.plist";
				IPHONEOS_DEPLOYMENT_TARGET = 11.0;
				LD_RUNPATH_SEARCH_PATHS = (
					"$(inherited)",
					"@executable_path/Frameworks",
				);
				PRODUCT_BUNDLE_IDENTIFIER = com.arabam.assignment.ArabamAssignment;
				PRODUCT_NAME = "$(TARGET_NAME)";
				SWIFT_VERSION = 5.0;
				TARGETED_DEVICE_FAMILY = 1;
			};
			name = Release;
		};
/* End XCBuildConfiguration section */

/* Begin XCConfigurationList section */
		A106EFF525BF1C1A0074FB10 /* Build configuration list for PBXProject "ArabamAssignment" */ = {
			isa = XCConfigurationList;
			buildConfigurations = (
				A106F00C25BF1C1B0074FB10 /* Debug */,
				A106F00D25BF1C1B0074FB10 /* Release */,
			);
			defaultConfigurationIsVisible = 0;
			defaultConfigurationName = Release;
		};
		A106F00E25BF1C1B0074FB10 /* Build configuration list for PBXNativeTarget "ArabamAssignment" */ = {
			isa = XCConfigurationList;
			buildConfigurations = (
				A106F00F25BF1C1B0074FB10 /* Debug */,
				A106F01025BF1C1B0074FB10 /* Release */,
			);
			defaultConfigurationIsVisible = 0;
			defaultConfigurationName = Release;
		};
/* End XCConfigurationList section */
	};
	rootObject = A106EFF225BF1C1A0074FB10 /* Project object */;
}
